<?xml version="1.0" encoding="utf-8"?>
<Project ToolsVersion="4.0" xmlns="http://schemas.microsoft.com/developer/msbuild/2003">
  <ItemGroup>
    <ClCompile Include="src\Main.cpp" />
  </ItemGroup>
  <ItemGroup>
    <None Include="res\shaders\Mandelbrot.vert.glsl" />
    <None Include="res\shaders\Mandelbrot.frag.glsl" />
    <None Include="res\shaders\JuliaSet.vert.glsl" />
    <None Include="res\shaders\JuliaSet.frag.glsl" />
  </ItemGroup>
</Project>