
Microsoft Visual Studio Solution File, Format Version 12.00
# Visual Studio 16
Project("{2150E333-8FDC-42A3-9474-1A3956D46DE8}") = "Projects", "Projects", "{B63FEAB7-A20D-DEBD-8BA1-4EE4770EBA22}"
EndProject
Project("{8BC9CEB8-8B4A-11D0-8D11-00A0C91BC942}") = "SampleApp", "Projects\SampleApp\SampleApp.vcxproj", "{E8570F0F-54C2-C385-9D00-752B09AAA1DA}"
EndProject
Project("{8BC9CEB8-8B4A-11D0-8D11-00A0C91BC942}") = "Mandelbrot", "Projects\Mandelbrot\Mandelbrot.vcxproj", "{6D9A7E19-5952-C066-C259-99C2AE305B57}"
EndProject
Project("{8BC9CEB8-8B4A-11D0-8D11-00A0C91BC942}") = "Particles", "Projects\Particles\Particles.vcxproj", "{6C2A9B3B-D894-4FB2-21D3-00588D7C2D07}"
EndProject
Project("{8BC9CEB8-8B4A-11D0-8D11-00A0C91BC942}") = "ShipGame", "Projects\ShipGame\ShipGame.vcxproj", "{D3F9B457-BFC6-0F63-E8DF-FD0AD40B45F1}"
EndProject
Project("{8BC9CEB8-8B4A-11D0-8D11-00A0C91BC942}") = "Snake", "Projects\Snake\Snake.vcxproj", "{77EE1A0E-E302-43BF-AC84-E61E18583FF0}"
EndProject
Project("{2150E333-8FDC-42A3-9474-1A3956D46DE8}") = "Dependencies", "Dependencies", "{53E47842-3FC8-3998-A828-34EB942B241A}"
EndProject
Project("{8BC9CEB8-8B4A-11D0-8D11-00A0C91BC942}") = "GLFW", "SemperGL\vendor\GLFW\GLFW.vcxproj", "{154B857C-0182-860D-AA6E-6C109684020F}"
EndProject
Project("{8BC9CEB8-8B4A-11D0-8D11-00A0C91BC942}") = "Glad", "SemperGL\vendor\Glad\Glad.vcxproj", "{BDD6857C-A90D-870D-52FA-6C103E10030F}"
EndProject
Project("{8BC9CEB8-8B4A-11D0-8D11-00A0C91BC942}") = "ImGui", "SemperGL\vendor\imgui\ImGui.vcxproj", "{C0FF640D-2C14-8DBE-F595-301E616989EF}"
EndProject
Project("{8BC9CEB8-8B4A-11D0-8D11-00A0C91BC942}") = "SemperGL", "SemperGL\SemperGL.vcxproj", "{C49C2B7A-B069-8685-D982-742DC5AEBB13}"
EndProject
Global
	GlobalSection(SolutionConfigurationPlatforms) = preSolution
		Debug|x64 = Debug|x64
		Distribute|x64 = Distribute|x64
		Release|x64 = Release|x64
	EndGlobalSection
	GlobalSection(ProjectConfigurationPlatforms) = postSolution
		{E8570F0F-54C2-C385-9D00-752B09AAA1DA}.Debug|x64.ActiveCfg = Debug|x64
		{E8570F0F-54C2-C385-9D00-752B09AAA1DA}.Debug|x64.Build.0 = Debug|x64
		{E8570F0F-54C2-C385-9D00-752B09AAA1DA}.Distribute|x64.ActiveCfg = Distribute|x64
		{E8570F0F-54C2-C385-9D00-752B09AAA1DA}.Distribute|x64.Build.0 = Distribute|x64
		{E8570F0F-54C2-C385-9D00-752B09AAA1DA}.Release|x64.ActiveCfg = Release|x64
		{E8570F0F-54C2-C385-9D00-752B09AAA1DA}.Release|x64.Build.0 = Release|x64
		{6D9A7E19-5952-C066-C259-99C2AE305B57}.Debug|x64.ActiveCfg = Debug|x64
		{6D9A7E19-5952-C066-C259-99C2AE305B57}.Debug|x64.Build.0 = Debug|x64
		{6D9A7E19-5952-C066-C259-99C2AE305B57}.Distribute|x64.ActiveCfg = Distribute|x64
		{6D9A7E19-5952-C066-C259-99C2AE305B57}.Distribute|x64.Build.0 = Distribute|x64
		{6D9A7E19-5952-C066-C259-99C2AE305B57}.Release|x64.ActiveCfg = Release|x64
		{6D9A7E19-5952-C066-C259-99C2AE305B57}.Release|x64.Build.0 = Release|x64
		{6C2A9B3B-D894-4FB2-21D3-00588D7C2D07}.Debug|x64.ActiveCfg = Debug|x64
		{6C2A9B3B-D894-4FB2-21D3-00588D7C2D07}.Debug|x64.Build.0 = Debug|x64
		{6C2A9B3B-D894-4FB2-21D3-00588D7C2D07}.Distribute|x64.ActiveCfg = Distribute|x64
		{6C2A9B3B-D894-4FB2-21D3-00588D7C2D07}.Distribute|x64.Build.0 = Distribute|x64
		{6C2A9B3B-D894-4FB2-21D3-00588D7C2D07}.Release|x64.ActiveCfg = Release|x64
		{6C2A9B3B-D894-4FB2-21D3-00588D7C2D07}.Release|x64.Build.0 = Release|x64
		{D3F9B457-BFC6-0F63-E8DF-FD0AD40B45F1}.Debug|x64.ActiveCfg = Debug|x64
		{D3F9B457-BFC6-0F63-E8DF-FD0AD40B45F1}.Debug|x64.Build.0 = Debug|x64
		{D3F9B457-BFC6-0F63-E8DF-FD0AD40B45F1}.Distribute|x64.ActiveCfg = Distribute|x64
		{D3F9B457-BFC6-0F63-E8DF-FD0AD40B45F1}.Distribute|x64.Build.0 = Distribute|x64
		{D3F9B457-BFC6-0F63-E8DF-FD0AD40B45F1}.Release|x64.ActiveCfg = Release|x64
		{D3F9B457-BFC6-0F63-E8DF-FD0AD40B45F1}.Release|x64.Build.0 = Release|x64
		{77EE1A0E-E302-43BF-AC84-E61E18583FF0}.Debug|x64.ActiveCfg = Debug|x64
		{77EE1A0E-E302-43BF-AC84-E61E18583FF0}.Debug|x64.Build.0 = Debug|x64
		{77EE1A0E-E302-43BF-AC84-E61E18583FF0}.Distribute|x64.ActiveCfg = Distribute|x64
		{77EE1A0E-E302-43BF-AC84-E61E18583FF0}.Distribute|x64.Build.0 = Distribute|x64
		{77EE1A0E-E302-43BF-AC84-E61E18583FF0}.Release|x64.ActiveCfg = Release|x64
		{77EE1A0E-E302-43BF-AC84-E61E18583FF0}.Release|x64.Build.0 = Release|x64
		{154B857C-0182-860D-AA6E-6C109684020F}.Debug|x64.ActiveCfg = Debug|x64
		{154B857C-0182-860D-AA6E-6C109684020F}.Debug|x64.Build.0 = Debug|x64
		{154B857C-0182-860D-AA6E-6C109684020F}.Distribute|x64.ActiveCfg = Distribute|x64
		{154B857C-0182-860D-AA6E-6C109684020F}.Distribute|x64.Build.0 = Distribute|x64
		{154B857C-0182-860D-AA6E-6C109684020F}.Release|x64.ActiveCfg = Release|x64
		{154B857C-0182-860D-AA6E-6C109684020F}.Release|x64.Build.0 = Release|x64
		{BDD6857C-A90D-870D-52FA-6C103E10030F}.Debug|x64.ActiveCfg = Debug|x64
		{BDD6857C-A90D-870D-52FA-6C103E10030F}.Debug|x64.Build.0 = Debug|x64
		{BDD6857C-A90D-870D-52FA-6C103E10030F}.Distribute|x64.ActiveCfg = Distribute|x64
		{BDD6857C-A90D-870D-52FA-6C103E10030F}.Distribute|x64.Build.0 = Distribute|x64
		{BDD6857C-A90D-870D-52FA-6C103E10030F}.Release|x64.ActiveCfg = Release|x64
		{BDD6857C-A90D-870D-52FA-6C103E10030F}.Release|x64.Build.0 = Release|x64
		{C0FF640D-2C14-8DBE-F595-301E616989EF}.Debug|x64.ActiveCfg = Debug|x64
		{C0FF640D-2C14-8DBE-F595-301E616989EF}.Debug|x64.Build.0 = Debug|x64
		{C0FF640D-2C14-8DBE-F595-301E616989EF}.Distribute|x64.ActiveCfg = Distribute|x64
		{C0FF640D-2C14-8DBE-F595-301E616989EF}.Distribute|x64.Build.0 = Distribute|x64
		{C0FF640D-2C14-8DBE-F595-301E616989EF}.Release|x64.ActiveCfg = Release|x64
		{C0FF640D-2C14-8DBE-F595-301E616989EF}.Release|x64.Build.0 = Release|x64
		{C49C2B7A-B069-8685-D982-742DC5AEBB13}.Debug|x64.ActiveCfg = Debug|x64
		{C49C2B7A-B069-8685-D982-742DC5AEBB13}.Debug|x64.Build.0 = Debug|x64
		{C49C2B7A-B069-8685-D982-742DC5AEBB13}.Distribute|x64.ActiveCfg = Distribute|x64
		{C49C2B7A-B069-8685-D982-742DC5AEBB13}.Distribute|x64.Build.0 = Distribute|x64
		{C49C2B7A-B069-8685-D982-742DC5AEBB13}.Release|x64.ActiveCfg = Release|x64
		{C49C2B7A-B069-8685-D982-742DC5AEBB13}.Release|x64.Build.0 = Release|x64
	EndGlobalSection
	GlobalSection(SolutionProperties) = preSolution
		HideSolutionNode = FALSE
	EndGlobalSection
	GlobalSection(NestedProjects) = preSolution
		{E8570F0F-54C2-C385-9D00-752B09AAA1DA} = {B63FEAB7-A20D-DEBD-8BA1-4EE4770EBA22}
		{6D9A7E19-5952-C066-C259-99C2AE305B57} = {B63FEAB7-A20D-DEBD-8BA1-4EE4770EBA22}
		{6C2A9B3B-D894-4FB2-21D3-00588D7C2D07} = {B63FEAB7-A20D-DEBD-8BA1-4EE4770EBA22}
		{D3F9B457-BFC6-0F63-E8DF-FD0AD40B45F1} = {B63FEAB7-A20D-DEBD-8BA1-4EE4770EBA22}
		{77EE1A0E-E302-43BF-AC84-E61E18583FF0} = {B63FEAB7-A20D-DEBD-8BA1-4EE4770EBA22}
		{154B857C-0182-860D-AA6E-6C109684020F} = {53E47842-3FC8-3998-A828-34EB942B241A}
		{BDD6857C-A90D-870D-52FA-6C103E10030F} = {53E47842-3FC8-3998-A828-34EB942B241A}
		{C0FF640D-2C14-8DBE-F595-301E616989EF} = {53E47842-3FC8-3998-A828-34EB942B241A}
	EndGlobalSection
EndGlobal
